// !$*UTF8*$!
{
	archiveVersion = 1;
	classes = {
	};
	objectVersion = 77;
	objects = {

/* Begin PBXBuildFile section */
		BC5C543B2EB3899E000D5F5D /* Assets.xcassets in Resources */ = {isa = PBXBuildFile; fileRef = BC5C543A2EB3899E000D5F5D /* Assets.xcassets */; };
		BC5C54402EB3899E000D5F5D /* CDTest.xcdatamodeld in Sources */ = {isa = PBXBuildFile; fileRef = BC5C543E2EB3899E000D5F5D /* CDTest.xcdatamodeld */; };
		BC5C54532EB38C06000D5F5D /* CDTListView.swift in Sources */ = {isa = PBXBuildFile; fileRef = BC5C54522EB38C06000D5F5D /* CDTListView.swift */; };
		BC5C54572EB38C1C000D5F5D /* CDTListViewModel.swift in Sources */ = {isa = PBXBuildFile; fileRef = BC5C54562EB38C1C000D5F5D /* CDTListViewModel.swift */; };
		BC5C54592EB38D48000D5F5D /* CDTListModels.swift in Sources */ = {isa = PBXBuildFile; fileRef = BC5C54582EB38D48000D5F5D /* CDTListModels.swift */; };
		BC5C54612EB38DC7000D5F5D /* BluetoothService.swift in Sources */ = {isa = PBXBuildFile; fileRef = BC5C54602EB38DC7000D5F5D /* BluetoothService.swift */; };
		BC5C54662EB3926F000D5F5D /* BluetoothServiceModels.swift in Sources */ = {isa = PBXBuildFile; fileRef = BC5C54652EB3926F000D5F5D /* BluetoothServiceModels.swift */; };
		BC5C54682EB3937D000D5F5D /* CDTListRowItemView.swift in Sources */ = {isa = PBXBuildFile; fileRef = BC5C54672EB3937D000D5F5D /* CDTListRowItemView.swift */; };
/* End PBXBuildFile section */

/* Begin PBXFileReference section */
		BC5C54332EB3899C000D5F5D /* CDTest.app */ = {isa = PBXFileReference; explicitFileType = wrapper.application; includeInIndex = 0; path = CDTest.app; sourceTree = BUILT_PRODUCTS_DIR; };
		BC5C543A2EB3899E000D5F5D /* Assets.xcassets */ = {isa = PBXFileReference; lastKnownFileType = folder.assetcatalog; path = Assets.xcassets; sourceTree = "<group>"; };
		BC5C543F2EB3899E000D5F5D /* CDTest.xcdatamodel */ = {isa = PBXFileReference; lastKnownFileType = wrapper.xcdatamodel; path = CDTest.xcdatamodel; sourceTree = "<group>"; };
		BC5C54522EB38C06000D5F5D /* CDTListView.swift */ = {isa = PBXFileReference; lastKnownFileType = sourcecode.swift; path = CDTListView.swift; sourceTree = "<group>"; };
		BC5C54562EB38C1C000D5F5D /* CDTListViewModel.swift */ = {isa = PBXFileReference; lastKnownFileType = sourcecode.swift; path = CDTListViewModel.swift; sourceTree = "<group>"; };
		BC5C54582EB38D48000D5F5D /* CDTListModels.swift */ = {isa = PBXFileReference; lastKnownFileType = sourcecode.swift; path = CDTListModels.swift; sourceTree = "<group>"; };
		BC5C54602EB38DC7000D5F5D /* BluetoothService.swift */ = {isa = PBXFileReference; lastKnownFileType = sourcecode.swift; path = BluetoothService.swift; sourceTree = "<group>"; };
		BC5C54622EB38E48000D5F5D /* Info.plist */ = {isa = PBXFileReference; lastKnownFileType = text.plist.xml; path = Info.plist; sourceTree = "<group>"; };
		BC5C54652EB3926F000D5F5D /* BluetoothServiceModels.swift */ = {isa = PBXFileReference; lastKnownFileType = sourcecode.swift; path = BluetoothServiceModels.swift; sourceTree = "<group>"; };
		BC5C54672EB3937D000D5F5D /* CDTListRowItemView.swift */ = {isa = PBXFileReference; lastKnownFileType = sourcecode.swift; path = CDTListRowItemView.swift; sourceTree = "<group>"; };
/* End PBXFileReference section */

/* Begin PBXFileSystemSynchronizedRootGroup section */
		BC5C54352EB3899C000D5F5D /* CDTest */ = {
			isa = PBXFileSystemSynchronizedRootGroup;
			path = CDTest;
			sourceTree = "<group>";
		};
/* End PBXFileSystemSynchronizedRootGroup section */

/* Begin PBXFrameworksBuildPhase section */
		BC5C54302EB3899C000D5F5D /* Frameworks */ = {
			isa = PBXFrameworksBuildPhase;
			buildActionMask = 2147483647;
			files = (
			);
			runOnlyForDeploymentPostprocessing = 0;
		};
/* End PBXFrameworksBuildPhase section */

/* Begin PBXGroup section */
		BC5C542A2EB3899C000D5F5D = {
			isa = PBXGroup;
			children = (
				BC5C54472EB38B7A000D5F5D /* Resources */,
				BC5C54462EB38B72000D5F5D /* Sources */,
				BC5C54352EB3899C000D5F5D /* CDTest */,
				BC5C54342EB3899C000D5F5D /* Products */,
			);
			sourceTree = "<group>";
		};
		BC5C54342EB3899C000D5F5D /* Products */ = {
			isa = PBXGroup;
			children = (
				BC5C54332EB3899C000D5F5D /* CDTest.app */,
			);
			name = Products;
			sourceTree = "<group>";
		};
		BC5C54462EB38B72000D5F5D /* Sources */ = {
			isa = PBXGroup;
			children = (
				BC5C545D2EB38D8E000D5F5D /* BusinessLayer */,
				BC5C544A2EB38BA3000D5F5D /* Presentation */,
			);
			path = Sources;
			sourceTree = "<group>";
		};
		BC5C54472EB38B7A000D5F5D /* Resources */ = {
			isa = PBXGroup;
			children = (
				BC5C54692EB394BD000D5F5D /* PropertyList */,
				BC5C544B2EB38BAD000D5F5D /* CoreData */,
				BC5C54482EB38B83000D5F5D /* Assets */,
			);
			path = Resources;
			sourceTree = "<group>";
		};
		BC5C54482EB38B83000D5F5D /* Assets */ = {
			isa = PBXGroup;
			children = (
				BC5C543A2EB3899E000D5F5D /* Assets.xcassets */,
			);
			path = Assets;
			sourceTree = "<group>";
		};
		BC5C54492EB38B90000D5F5D /* CDTBleModule */ = {
			isa = PBXGroup;
			children = (
				BC5C545A2EB38D51000D5F5D /* CDTDetail */,
				BC5C544D2EB38BC1000D5F5D /* CDTList */,
			);
			path = CDTBleModule;
			sourceTree = "<group>";
		};
		BC5C544A2EB38BA3000D5F5D /* Presentation */ = {
			isa = PBXGroup;
			children = (
				BC5C54492EB38B90000D5F5D /* CDTBleModule */,
			);
			path = Presentation;
			sourceTree = "<group>";
		};
		BC5C544B2EB38BAD000D5F5D /* CoreData */ = {
			isa = PBXGroup;
			children = (
				BC5C544C2EB38BB6000D5F5D /* CoreDataModel */,
			);
			path = CoreData;
			sourceTree = "<group>";
		};
		BC5C544C2EB38BB6000D5F5D /* CoreDataModel */ = {
			isa = PBXGroup;
			children = (
				BC5C543E2EB3899E000D5F5D /* CDTest.xcdatamodeld */,
			);
			path = CoreDataModel;
			sourceTree = "<group>";
		};
		BC5C544D2EB38BC1000D5F5D /* CDTList */ = {
			isa = PBXGroup;
			children = (
				BC5C54512EB38BF9000D5F5D /* Models */,
				BC5C54502EB38BF5000D5F5D /* ViewModel */,
				BC5C544E2EB38BE3000D5F5D /* View */,
			);
			path = CDTList;
			sourceTree = "<group>";
		};
		BC5C544E2EB38BE3000D5F5D /* View */ = {
			isa = PBXGroup;
			children = (
				BC5C544F2EB38BE6000D5F5D /* Subviews */,
				BC5C54522EB38C06000D5F5D /* CDTListView.swift */,
			);
			path = View;
			sourceTree = "<group>";
		};
		BC5C544F2EB38BE6000D5F5D /* Subviews */ = {
			isa = PBXGroup;
			children = (
				BC5C54672EB3937D000D5F5D /* CDTListRowItemView.swift */,
			);
			path = Subviews;
			sourceTree = "<group>";
		};
		BC5C54502EB38BF5000D5F5D /* ViewModel */ = {
			isa = PBXGroup;
			children = (
				BC5C54562EB38C1C000D5F5D /* CDTListViewModel.swift */,
			);
			path = ViewModel;
			sourceTree = "<group>";
		};
		BC5C54512EB38BF9000D5F5D /* Models */ = {
			isa = PBXGroup;
			children = (
				BC5C54582EB38D48000D5F5D /* CDTListModels.swift */,
			);
			path = Models;
			sourceTree = "<group>";
		};
		BC5C545A2EB38D51000D5F5D /* CDTDetail */ = {
			isa = PBXGroup;
			children = (
				BC5C545C2EB38D61000D5F5D /* ViewModel */,
				BC5C545B2EB38D57000D5F5D /* View */,
			);
			path = CDTDetail;
			sourceTree = "<group>";
		};
		BC5C545B2EB38D57000D5F5D /* View */ = {
			isa = PBXGroup;
			children = (
			);
			path = View;
			sourceTree = "<group>";
		};
		BC5C545C2EB38D61000D5F5D /* ViewModel */ = {
			isa = PBXGroup;
			children = (
			);
			path = ViewModel;
			sourceTree = "<group>";
		};
		BC5C545D2EB38D8E000D5F5D /* BusinessLayer */ = {
			isa = PBXGroup;
			children = (
				BC5C545E2EB38D9C000D5F5D /* Services */,
			);
			path = BusinessLayer;
			sourceTree = "<group>";
		};
		BC5C545E2EB38D9C000D5F5D /* Services */ = {
			isa = PBXGroup;
			children = (
				BC5C545F2EB38DA7000D5F5D /* Bluetooth Service */,
			);
			path = Services;
			sourceTree = "<group>";
		};
		BC5C545F2EB38DA7000D5F5D /* Bluetooth Service */ = {
			isa = PBXGroup;
			children = (
				BC5C54642EB39267000D5F5D /* Models */,
				BC5C54602EB38DC7000D5F5D /* BluetoothService.swift */,
			);
			path = "Bluetooth Service";
			sourceTree = "<group>";
		};
		BC5C54642EB39267000D5F5D /* Models */ = {
			isa = PBXGroup;
			children = (
				BC5C54652EB3926F000D5F5D /* BluetoothServiceModels.swift */,
			);
			path = Models;
			sourceTree = "<group>";
		};
		BC5C54692EB394BD000D5F5D /* PropertyList */ = {
			isa = PBXGroup;
			children = (
				BC5C54622EB38E48000D5F5D /* Info.plist */,
			);
			path = PropertyList;
			sourceTree = "<group>";
		};
/* End PBXGroup section */

/* Begin PBXNativeTarget section */
		BC5C54322EB3899C000D5F5D /* CDTest */ = {
			isa = PBXNativeTarget;
			buildConfigurationList = BC5C54432EB3899E000D5F5D /* Build configuration list for PBXNativeTarget "CDTest" */;
			buildPhases = (
				BC5C542F2EB3899C000D5F5D /* Sources */,
				BC5C54302EB3899C000D5F5D /* Frameworks */,
				BC5C54312EB3899C000D5F5D /* Resources */,
			);
			buildRules = (
			);
			dependencies = (
			);
			fileSystemSynchronizedGroups = (
				BC5C54352EB3899C000D5F5D /* CDTest */,
			);
			name = CDTest;
			packageProductDependencies = (
			);
			productName = CDTest;
			productReference = BC5C54332EB3899C000D5F5D /* CDTest.app */;
			productType = "com.apple.product-type.application";
		};
/* End PBXNativeTarget section */

/* Begin PBXProject section */
		BC5C542B2EB3899C000D5F5D /* Project object */ = {
			isa = PBXProject;
			attributes = {
				BuildIndependentTargetsInParallel = 1;
				LastSwiftUpdateCheck = 2600;
				LastUpgradeCheck = 2600;
				TargetAttributes = {
					BC5C54322EB3899C000D5F5D = {
						CreatedOnToolsVersion = 26.0.1;
					};
				};
			};
			buildConfigurationList = BC5C542E2EB3899C000D5F5D /* Build configuration list for PBXProject "CDTest" */;
			developmentRegion = en;
			hasScannedForEncodings = 0;
			knownRegions = (
				en,
				Base,
			);
			mainGroup = BC5C542A2EB3899C000D5F5D;
			minimizedProjectReferenceProxies = 1;
			preferredProjectObjectVersion = 77;
			productRefGroup = BC5C54342EB3899C000D5F5D /* Products */;
			projectDirPath = "";
			projectRoot = "";
			targets = (
				BC5C54322EB3899C000D5F5D /* CDTest */,
			);
		};
/* End PBXProject section */

/* Begin PBXResourcesBuildPhase section */
		BC5C54312EB3899C000D5F5D /* Resources */ = {
			isa = PBXResourcesBuildPhase;
			buildActionMask = 2147483647;
			files = (
				BC5C543B2EB3899E000D5F5D /* Assets.xcassets in Resources */,
			);
			runOnlyForDeploymentPostprocessing = 0;
		};
/* End PBXResourcesBuildPhase section */

/* Begin PBXSourcesBuildPhase section */
		BC5C542F2EB3899C000D5F5D /* Sources */ = {
			isa = PBXSourcesBuildPhase;
			buildActionMask = 2147483647;
			files = (
				BC5C54572EB38C1C000D5F5D /* CDTListViewModel.swift in Sources */,
				BC5C54662EB3926F000D5F5D /* BluetoothServiceModels.swift in Sources */,
				BC5C54612EB38DC7000D5F5D /* BluetoothService.swift in Sources */,
				BC5C54402EB3899E000D5F5D /* CDTest.xcdatamodeld in Sources */,
				BC5C54592EB38D48000D5F5D /* CDTListModels.swift in Sources */,
				BC5C54682EB3937D000D5F5D /* CDTListRowItemView.swift in Sources */,
				BC5C54532EB38C06000D5F5D /* CDTListView.swift in Sources */,
			);
			runOnlyForDeploymentPostprocessing = 0;
		};
/* End PBXSourcesBuildPhase section */

/* Begin XCBuildConfiguration section */
		BC5C54412EB3899E000D5F5D /* Debug */ = {
			isa = XCBuildConfiguration;
			buildSettings = {
				ALWAYS_SEARCH_USER_PATHS = NO;
				ASSETCATALOG_COMPILER_GENERATE_SWIFT_ASSET_SYMBOL_EXTENSIONS = YES;
				CLANG_ANALYZER_NONNULL = YES;
				CLANG_ANALYZER_NUMBER_OBJECT_CONVERSION = YES_AGGRESSIVE;
				CLANG_CXX_LANGUAGE_STANDARD = "gnu++20";
				CLANG_ENABLE_MODULES = YES;
				CLANG_ENABLE_OBJC_ARC = YES;
				CLANG_ENABLE_OBJC_WEAK = YES;
				CLANG_WARN_BLOCK_CAPTURE_AUTORELEASING = YES;
				CLANG_WARN_BOOL_CONVERSION = YES;
				CLANG_WARN_COMMA = YES;
				CLANG_WARN_CONSTANT_CONVERSION = YES;
				CLANG_WARN_DEPRECATED_OBJC_IMPLEMENTATIONS = YES;
				CLANG_WARN_DIRECT_OBJC_ISA_USAGE = YES_ERROR;
				CLANG_WARN_DOCUMENTATION_COMMENTS = YES;
				CLANG_WARN_EMPTY_BODY = YES;
				CLANG_WARN_ENUM_CONVERSION = YES;
				CLANG_WARN_INFINITE_RECURSION = YES;
				CLANG_WARN_INT_CONVERSION = YES;
				CLANG_WARN_NON_LITERAL_NULL_CONVERSION = YES;
				CLANG_WARN_OBJC_IMPLICIT_RETAIN_SELF = YES;
				CLANG_WARN_OBJC_LITERAL_CONVERSION = YES;
				CLANG_WARN_OBJC_ROOT_CLASS = YES_ERROR;
				CLANG_WARN_QUOTED_INCLUDE_IN_FRAMEWORK_HEADER = YES;
				CLANG_WARN_RANGE_LOOP_ANALYSIS = YES;
				CLANG_WARN_STRICT_PROTOTYPES = YES;
				CLANG_WARN_SUSPICIOUS_MOVE = YES;
				CLANG_WARN_UNGUARDED_AVAILABILITY = YES_AGGRESSIVE;
				CLANG_WARN_UNREACHABLE_CODE = YES;
				CLANG_WARN__DUPLICATE_METHOD_MATCH = YES;
				COPY_PHASE_STRIP = NO;
				DEBUG_INFORMATION_FORMAT = dwarf;
				DEVELOPMENT_TEAM = 24D4W5V9X8;
				ENABLE_STRICT_OBJC_MSGSEND = YES;
				ENABLE_TESTABILITY = YES;
				ENABLE_USER_SCRIPT_SANDBOXING = YES;
				GCC_C_LANGUAGE_STANDARD = gnu17;
				GCC_DYNAMIC_NO_PIC = NO;
				GCC_NO_COMMON_BLOCKS = YES;
				GCC_OPTIMIZATION_LEVEL = 0;
				GCC_PREPROCESSOR_DEFINITIONS = (
					"DEBUG=1",
					"$(inherited)",
				);
				GCC_WARN_64_TO_32_BIT_CONVERSION = YES;
				GCC_WARN_ABOUT_RETURN_TYPE = YES_ERROR;
				GCC_WARN_UNDECLARED_SELECTOR = YES;
				GCC_WARN_UNINITIALIZED_AUTOS = YES_AGGRESSIVE;
				GCC_WARN_UNUSED_FUNCTION = YES;
				GCC_WARN_UNUSED_VARIABLE = YES;
				IPHONEOS_DEPLOYMENT_TARGET = 26.0;
				LOCALIZATION_PREFERS_STRING_CATALOGS = YES;
				MTL_ENABLE_DEBUG_INFO = INCLUDE_SOURCE;
				MTL_FAST_MATH = YES;
				ONLY_ACTIVE_ARCH = YES;
				SDKROOT = iphoneos;
				SWIFT_ACTIVE_COMPILATION_CONDITIONS = "DEBUG $(inherited)";
				SWIFT_OPTIMIZATION_LEVEL = "-Onone";
			};
			name = Debug;
		};
		BC5C54422EB3899E000D5F5D /* Release */ = {
			isa = XCBuildConfiguration;
			buildSettings = {
				ALWAYS_SEARCH_USER_PATHS = NO;
				ASSETCATALOG_COMPILER_GENERATE_SWIFT_ASSET_SYMBOL_EXTENSIONS = YES;
				CLANG_ANALYZER_NONNULL = YES;
				CLANG_ANALYZER_NUMBER_OBJECT_CONVERSION = YES_AGGRESSIVE;
				CLANG_CXX_LANGUAGE_STANDARD = "gnu++20";
				CLANG_ENABLE_MODULES = YES;
				CLANG_ENABLE_OBJC_ARC = YES;
				CLANG_ENABLE_OBJC_WEAK = YES;
				CLANG_WARN_BLOCK_CAPTURE_AUTORELEASING = YES;
				CLANG_WARN_BOOL_CONVERSION = YES;
				CLANG_WARN_COMMA = YES;
				CLANG_WARN_CONSTANT_CONVERSION = YES;
				CLANG_WARN_DEPRECATED_OBJC_IMPLEMENTATIONS = YES;
				CLANG_WARN_DIRECT_OBJC_ISA_USAGE = YES_ERROR;
				CLANG_WARN_DOCUMENTATION_COMMENTS = YES;
				CLANG_WARN_EMPTY_BODY = YES;
				CLANG_WARN_ENUM_CONVERSION = YES;
				CLANG_WARN_INFINITE_RECURSION = YES;
				CLANG_WARN_INT_CONVERSION = YES;
				CLANG_WARN_NON_LITERAL_NULL_CONVERSION = YES;
				CLANG_WARN_OBJC_IMPLICIT_RETAIN_SELF = YES;
				CLANG_WARN_OBJC_LITERAL_CONVERSION = YES;
				CLANG_WARN_OBJC_ROOT_CLASS = YES_ERROR;
				CLANG_WARN_QUOTED_INCLUDE_IN_FRAMEWORK_HEADER = YES;
				CLANG_WARN_RANGE_LOOP_ANALYSIS = YES;
				CLANG_WARN_STRICT_PROTOTYPES = YES;
				CLANG_WARN_SUSPICIOUS_MOVE = YES;
				CLANG_WARN_UNGUARDED_AVAILABILITY = YES_AGGRESSIVE;
				CLANG_WARN_UNREACHABLE_CODE = YES;
				CLANG_WARN__DUPLICATE_METHOD_MATCH = YES;
				COPY_PHASE_STRIP = NO;
				DEBUG_INFORMATION_FORMAT = "dwarf-with-dsym";
				DEVELOPMENT_TEAM = 24D4W5V9X8;
				ENABLE_NS_ASSERTIONS = NO;
				ENABLE_STRICT_OBJC_MSGSEND = YES;
				ENABLE_USER_SCRIPT_SANDBOXING = YES;
				GCC_C_LANGUAGE_STANDARD = gnu17;
				GCC_NO_COMMON_BLOCKS = YES;
				GCC_WARN_64_TO_32_BIT_CONVERSION = YES;
				GCC_WARN_ABOUT_RETURN_TYPE = YES_ERROR;
				GCC_WARN_UNDECLARED_SELECTOR = YES;
				GCC_WARN_UNINITIALIZED_AUTOS = YES_AGGRESSIVE;
				GCC_WARN_UNUSED_FUNCTION = YES;
				GCC_WARN_UNUSED_VARIABLE = YES;
				IPHONEOS_DEPLOYMENT_TARGET = 26.0;
				LOCALIZATION_PREFERS_STRING_CATALOGS = YES;
				MTL_ENABLE_DEBUG_INFO = NO;
				MTL_FAST_MATH = YES;
				SDKROOT = iphoneos;
				SWIFT_COMPILATION_MODE = wholemodule;
				VALIDATE_PRODUCT = YES;
			};
			name = Release;
		};
		BC5C54442EB3899E000D5F5D /* Debug */ = {
			isa = XCBuildConfiguration;
			buildSettings = {
				ASSETCATALOG_COMPILER_APPICON_NAME = AppIcon;
				ASSETCATALOG_COMPILER_GLOBAL_ACCENT_COLOR_NAME = AccentColor;
				CODE_SIGN_STYLE = Automatic;
				CURRENT_PROJECT_VERSION = 1;
				DEVELOPMENT_TEAM = 24D4W5V9X8;
				ENABLE_PREVIEWS = YES;
				GENERATE_INFOPLIST_FILE = YES;
				INFOPLIST_FILE = Resources/PropertyList/Info.plist;
				INFOPLIST_KEY_CFBundleDisplayName = CDTest;
				INFOPLIST_KEY_LSApplicationCategoryType = "public.app-category.utilities";
				INFOPLIST_KEY_UIApplicationSceneManifest_Generation = YES;
				INFOPLIST_KEY_UIApplicationSupportsIndirectInputEvents = YES;
				INFOPLIST_KEY_UILaunchScreen_Generation = YES;
				INFOPLIST_KEY_UISupportedInterfaceOrientations = UIInterfaceOrientationPortrait;
				INFOPLIST_KEY_UISupportedInterfaceOrientations_iPad = "UIInterfaceOrientationLandscapeLeft UIInterfaceOrientationLandscapeRight UIInterfaceOrientationPortrait UIInterfaceOrientationPortraitUpsideDown";
				IPHONEOS_DEPLOYMENT_TARGET = 16.6;
				LD_RUNPATH_SEARCH_PATHS = (
					"$(inherited)",
					"@executable_path/Frameworks",
				);
				MARKETING_VERSION = 1.0;
				PRODUCT_BUNDLE_IDENTIFIER = com.alexandrkravtsiv.CDTest;
				PRODUCT_NAME = "$(TARGET_NAME)";
				STRING_CATALOG_GENERATE_SYMBOLS = YES;
				SUPPORTED_PLATFORMS = "iphoneos iphonesimulator";
				SUPPORTS_MACCATALYST = NO;
				SUPPORTS_MAC_DESIGNED_FOR_IPHONE_IPAD = NO;
				SUPPORTS_XR_DESIGNED_FOR_IPHONE_IPAD = NO;
				SWIFT_APPROACHABLE_CONCURRENCY = YES;
				SWIFT_DEFAULT_ACTOR_ISOLATION = MainActor;
				SWIFT_EMIT_LOC_STRINGS = YES;
				SWIFT_UPCOMING_FEATURE_MEMBER_IMPORT_VISIBILITY = YES;
				SWIFT_VERSION = 5.0;
				TARGETED_DEVICE_FAMILY = 1;
			};
			name = Debug;
		};
		BC5C54452EB3899E000D5F5D /* Release */ = {
			isa = XCBuildConfiguration;
			buildSettings = {
				ASSETCATALOG_COMPILER_APPICON_NAME = AppIcon;
				ASSETCATALOG_COMPILER_GLOBAL_ACCENT_COLOR_NAME = AccentColor;
				CODE_SIGN_STYLE = Automatic;
				CURRENT_PROJECT_VERSION = 1;
				DEVELOPMENT_TEAM = 24D4W5V9X8;
				ENABLE_PREVIEWS = YES;
				GENERATE_INFOPLIST_FILE = YES;
				INFOPLIST_FILE = Resources/PropertyList/Info.plist;
				INFOPLIST_KEY_CFBundleDisplayName = CDTest;
				INFOPLIST_KEY_LSApplicationCategoryType = "public.app-category.utilities";
				INFOPLIST_KEY_UIApplicationSceneManifest_Generation = YES;
				INFOPLIST_KEY_UIApplicationSupportsIndirectInputEvents = YES;
				INFOPLIST_KEY_UILaunchScreen_Generation = YES;
				INFOPLIST_KEY_UISupportedInterfaceOrientations = UIInterfaceOrientationPortrait;
				INFOPLIST_KEY_UISupportedInterfaceOrientations_iPad = "UIInterfaceOrientationLandscapeLeft UIInterfaceOrientationLandscapeRight UIInterfaceOrientationPortrait UIInterfaceOrientationPortraitUpsideDown";
				IPHONEOS_DEPLOYMENT_TARGET = 16.6;
				LD_RUNPATH_SEARCH_PATHS = (
					"$(inherited)",
					"@executable_path/Frameworks",
				);
				MARKETING_VERSION = 1.0;
				PRODUCT_BUNDLE_IDENTIFIER = com.alexandrkravtsiv.CDTest;
				PRODUCT_NAME = "$(TARGET_NAME)";
				STRING_CATALOG_GENERATE_SYMBOLS = YES;
				SUPPORTED_PLATFORMS = "iphoneos iphonesimulator";
				SUPPORTS_MACCATALYST = NO;
				SUPPORTS_MAC_DESIGNED_FOR_IPHONE_IPAD = NO;
				SUPPORTS_XR_DESIGNED_FOR_IPHONE_IPAD = NO;
				SWIFT_APPROACHABLE_CONCURRENCY = YES;
				SWIFT_DEFAULT_ACTOR_ISOLATION = MainActor;
				SWIFT_EMIT_LOC_STRINGS = YES;
				SWIFT_UPCOMING_FEATURE_MEMBER_IMPORT_VISIBILITY = YES;
				SWIFT_VERSION = 5.0;
				TARGETED_DEVICE_FAMILY = 1;
			};
			name = Release;
		};
/* End XCBuildConfiguration section */

/* Begin XCConfigurationList section */
		BC5C542E2EB3899C000D5F5D /* Build configuration list for PBXProject "CDTest" */ = {
			isa = XCConfigurationList;
			buildConfigurations = (
				BC5C54412EB3899E000D5F5D /* Debug */,
				BC5C54422EB3899E000D5F5D /* Release */,
			);
			defaultConfigurationIsVisible = 0;
			defaultConfigurationName = Release;
		};
		BC5C54432EB3899E000D5F5D /* Build configuration list for PBXNativeTarget "CDTest" */ = {
			isa = XCConfigurationList;
			buildConfigurations = (
				BC5C54442EB3899E000D5F5D /* Debug */,
				BC5C54452EB3899E000D5F5D /* Release */,
			);
			defaultConfigurationIsVisible = 0;
			defaultConfigurationName = Release;
		};
/* End XCConfigurationList section */

/* Begin XCVersionGroup section */
		BC5C543E2EB3899E000D5F5D /* CDTest.xcdatamodeld */ = {
			isa = XCVersionGroup;
			children = (
				BC5C543F2EB3899E000D5F5D /* CDTest.xcdatamodel */,
			);
			currentVersion = BC5C543F2EB3899E000D5F5D /* CDTest.xcdatamodel */;
			path = CDTest.xcdatamodeld;
			sourceTree = "<group>";
			versionGroupType = wrapper.xcdatamodel;
		};
/* End XCVersionGroup section */
	};
	rootObject = BC5C542B2EB3899C000D5F5D /* Project object */;
}
